
Microsoft Visual Studio Solution File, Format Version 12.00
# Visual Studio Version 16
VisualStudioVersion = 16.0.810.11
MinimumVisualStudioVersion = 10.0.40219.1
Project("{FAE04EC0-301F-11D3-BF4B-00C04F79EFBC}") = "SignalRApi", "SignalRApi.csproj", "{3E2826BB-5D47-4A3D-A0DC-58886D0D9D13}"
EndProject
Global
	GlobalSection(SolutionConfigurationPlatforms) = preSolution
		Debug|Any CPU = Debug|Any CPU
		Release|Any CPU = Release|Any CPU
	EndGlobalSection
	GlobalSection(ProjectConfigurationPlatforms) = postSolution
		{3E2826BB-5D47-4A3D-A0DC-58886D0D9D13}.Debug|Any CPU.ActiveCfg = Debug|Any CPU
		{3E2826BB-5D47-4A3D-A0DC-58886D0D9D13}.Debug|Any CPU.Build.0 = Debug|Any CPU
		{3E2826BB-5D47-4A3D-A0DC-58886D0D9D13}.Release|Any CPU.ActiveCfg = Release|Any CPU
		{3E2826BB-5D47-4A3D-A0DC-58886D0D9D13}.Release|Any CPU.Build.0 = Release|Any CPU
	EndGlobalSection
	GlobalSection(SolutionProperties) = preSolution
		HideSolutionNode = FALSE
	EndGlobalSection
	GlobalSection(ExtensibilityGlobals) = postSolution
		SolutionGuid = {0391FFEE-6401-48DA-8CDC-DAD3BF999DB3}
	EndGlobalSection
EndGlobal
